
Microsoft Visual Studio Solution File, Format Version 12.00
# Visual Studio Version 17
VisualStudioVersion = 17.14.36203.30 d17.14
MinimumVisualStudioVersion = 10.0.40219.1
Project("{FAE04EC0-301F-11D3-BF4B-00C04F79EFBC}") = "Yakupov_AutoService", "Yakupov_AutoService\Yakupov_AutoService.csproj", "{E56F171B-F493-4762-B1FA-AF00DF7DB15D}"
EndProject
Global
	GlobalSection(SolutionConfigurationPlatforms) = preSolution
		Debug|Any CPU = Debug|Any CPU
		Release|Any CPU = Release|Any CPU
	EndGlobalSection
	GlobalSection(ProjectConfigurationPlatforms) = postSolution
		{E56F171B-F493-4762-B1FA-AF00DF7DB15D}.Debug|Any CPU.ActiveCfg = Debug|Any CPU
		{E56F171B-F493-4762-B1FA-AF00DF7DB15D}.Debug|Any CPU.Build.0 = Debug|Any CPU
		{E56F171B-F493-4762-B1FA-AF00DF7DB15D}.Release|Any CPU.ActiveCfg = Release|Any CPU
		{E56F171B-F493-4762-B1FA-AF00DF7DB15D}.Release|Any CPU.Build.0 = Release|Any CPU
	EndGlobalSection
	GlobalSection(SolutionProperties) = preSolution
		HideSolutionNode = FALSE
	EndGlobalSection
	GlobalSection(ExtensibilityGlobals) = postSolution
		SolutionGuid = {1D962188-9079-442B-BE26-AA41B250A36B}
	EndGlobalSection
EndGlobal
